
Microsoft Visual Studio Solution File, Format Version 12.00
# Visual Studio Version 16
VisualStudioVersion = 16.0.31424.327
MinimumVisualStudioVersion = 10.0.40219.1
Project("{FAE04EC0-301F-11D3-BF4B-00C04F79EFBC}") = "001_基础回顾", "基础回顾\001_基础回顾.csproj", "{482FD66C-DA9C-4536-839A-EDCCEADA3AA1}"
EndProject
Project("{FAE04EC0-301F-11D3-BF4B-00C04F79EFBC}") = "002_数据类型", "数据类型\002_数据类型.csproj", "{D04BB6B0-8D4C-487E-96E1-20102D3B6BA4}"
EndProject
Project("{FAE04EC0-301F-11D3-BF4B-00C04F79EFBC}") = "003_运算符", "运算符\003_运算符.csproj", "{34B947DF-6328-4A12-A616-C9159C8102B5}"
EndProject
Project("{FAE04EC0-301F-11D3-BF4B-00C04F79EFBC}") = "004_判断与循环", "判断与循环\004_判断与循环.csproj", "{9680919E-40E4-411D-84CE-FACF1EE5C24A}"
EndProject
Project("{FAE04EC0-301F-11D3-BF4B-00C04F79EFBC}") = "005_封装", "封装\005_封装.csproj", "{78FBF65A-40F3-48F7-B672-69FF16ECD37F}"
EndProject
Project("{FAE04EC0-301F-11D3-BF4B-00C04F79EFBC}") = "007_结构", "结构\007_结构.csproj", "{6116BC33-5BDE-4976-ABBF-D79259C08642}"
EndProject
Project("{FAE04EC0-301F-11D3-BF4B-00C04F79EFBC}") = "006_常量、静态、只读", "常量、静态、只读\006_常量、静态、只读.csproj", "{C0AAC434-BB57-4A47-94E9-3C6D01A9F9E1}"
EndProject
Project("{FAE04EC0-301F-11D3-BF4B-00C04F79EFBC}") = "008_多态", "多态\008_多态.csproj", "{DB692108-F066-46EA-B9ED-C17A930153E5}"
EndProject
Project("{FAE04EC0-301F-11D3-BF4B-00C04F79EFBC}") = "010_可空类型", "可空类型\010_可空类型.csproj", "{B19F4C08-41FB-4E52-91AF-C86427DB7441}"
EndProject
Project("{FAE04EC0-301F-11D3-BF4B-00C04F79EFBC}") = "009_枚举", "枚举\009_枚举.csproj", "{3B2D2054-78A6-4737-AAA6-756BEE59AD95}"
EndProject
Project("{FAE04EC0-301F-11D3-BF4B-00C04F79EFBC}") = "011_数组", "数组\011_数组.csproj", "{677C50FB-B0E9-4DE0-B08E-4DE2546CD94D}"
EndProject
Project("{FAE04EC0-301F-11D3-BF4B-00C04F79EFBC}") = "012_字符串", "字符串\012_字符串.csproj", "{30A6E284-6DE7-433D-B5A2-9F5D294BEC05}"
EndProject
Project("{FAE04EC0-301F-11D3-BF4B-00C04F79EFBC}") = "013_异常处理", "异常处理\013_异常处理.csproj", "{D3DE1450-5A53-4B90-8576-44A294F2D019}"
EndProject
Project("{FAE04EC0-301F-11D3-BF4B-00C04F79EFBC}") = "014_集合", "集合\014_集合.csproj", "{1AC417DA-8E7E-4031-94AF-B9DD347AA9D9}"
EndProject
Project("{FAE04EC0-301F-11D3-BF4B-00C04F79EFBC}") = "015_索引器", "索引器\015_索引器.csproj", "{34FF8686-AFA0-45F6-838E-6271400F0878}"
EndProject
Project("{FAE04EC0-301F-11D3-BF4B-00C04F79EFBC}") = "016_泛型", "泛型\016_泛型.csproj", "{5B56051D-33A0-4532-BA96-0FFC1D8B4DB6}"
EndProject
Project("{FAE04EC0-301F-11D3-BF4B-00C04F79EFBC}") = "017_委托", "委托\017_委托.csproj", "{5D8FC463-2501-426B-BBF8-8071BD45274F}"
EndProject
Project("{FAE04EC0-301F-11D3-BF4B-00C04F79EFBC}") = "018_多线程", "多线程\018_多线程.csproj", "{8295D009-9F19-46C5-BDD8-FC752AFEF887}"
EndProject
Project("{FAE04EC0-301F-11D3-BF4B-00C04F79EFBC}") = "019_反射", "反射\019_反射.csproj", "{E2AED09F-C453-459A-B99D-3DB56508670E}"
EndProject
Project("{FAE04EC0-301F-11D3-BF4B-00C04F79EFBC}") = "020_特性", "特性\020_特性.csproj", "{82C09375-4510-4C99-B9B0-72A6FE678493}"
EndProject
Project("{FAE04EC0-301F-11D3-BF4B-00C04F79EFBC}") = "021_文件", "文件\021_文件.csproj", "{711A6C9E-557B-483C-B9EF-4464A9EC5046}"
EndProject
Global
	GlobalSection(SolutionConfigurationPlatforms) = preSolution
		Debug|Any CPU = Debug|Any CPU
		Release|Any CPU = Release|Any CPU
	EndGlobalSection
	GlobalSection(ProjectConfigurationPlatforms) = postSolution
		{482FD66C-DA9C-4536-839A-EDCCEADA3AA1}.Debug|Any CPU.ActiveCfg = Debug|Any CPU
		{482FD66C-DA9C-4536-839A-EDCCEADA3AA1}.Debug|Any CPU.Build.0 = Debug|Any CPU
		{482FD66C-DA9C-4536-839A-EDCCEADA3AA1}.Release|Any CPU.ActiveCfg = Release|Any CPU
		{482FD66C-DA9C-4536-839A-EDCCEADA3AA1}.Release|Any CPU.Build.0 = Release|Any CPU
		{D04BB6B0-8D4C-487E-96E1-20102D3B6BA4}.Debug|Any CPU.ActiveCfg = Debug|Any CPU
		{D04BB6B0-8D4C-487E-96E1-20102D3B6BA4}.Debug|Any CPU.Build.0 = Debug|Any CPU
		{D04BB6B0-8D4C-487E-96E1-20102D3B6BA4}.Release|Any CPU.ActiveCfg = Release|Any CPU
		{D04BB6B0-8D4C-487E-96E1-20102D3B6BA4}.Release|Any CPU.Build.0 = Release|Any CPU
		{34B947DF-6328-4A12-A616-C9159C8102B5}.Debug|Any CPU.ActiveCfg = Debug|Any CPU
		{34B947DF-6328-4A12-A616-C9159C8102B5}.Debug|Any CPU.Build.0 = Debug|Any CPU
		{34B947DF-6328-4A12-A616-C9159C8102B5}.Release|Any CPU.ActiveCfg = Release|Any CPU
		{34B947DF-6328-4A12-A616-C9159C8102B5}.Release|Any CPU.Build.0 = Release|Any CPU
		{9680919E-40E4-411D-84CE-FACF1EE5C24A}.Debug|Any CPU.ActiveCfg = Debug|Any CPU
		{9680919E-40E4-411D-84CE-FACF1EE5C24A}.Debug|Any CPU.Build.0 = Debug|Any CPU
		{9680919E-40E4-411D-84CE-FACF1EE5C24A}.Release|Any CPU.ActiveCfg = Release|Any CPU
		{9680919E-40E4-411D-84CE-FACF1EE5C24A}.Release|Any CPU.Build.0 = Release|Any CPU
		{78FBF65A-40F3-48F7-B672-69FF16ECD37F}.Debug|Any CPU.ActiveCfg = Debug|Any CPU
		{78FBF65A-40F3-48F7-B672-69FF16ECD37F}.Debug|Any CPU.Build.0 = Debug|Any CPU
		{78FBF65A-40F3-48F7-B672-69FF16ECD37F}.Release|Any CPU.ActiveCfg = Release|Any CPU
		{78FBF65A-40F3-48F7-B672-69FF16ECD37F}.Release|Any CPU.Build.0 = Release|Any CPU
		{6116BC33-5BDE-4976-ABBF-D79259C08642}.Debug|Any CPU.ActiveCfg = Debug|Any CPU
		{6116BC33-5BDE-4976-ABBF-D79259C08642}.Debug|Any CPU.Build.0 = Debug|Any CPU
		{6116BC33-5BDE-4976-ABBF-D79259C08642}.Release|Any CPU.ActiveCfg = Release|Any CPU
		{6116BC33-5BDE-4976-ABBF-D79259C08642}.Release|Any CPU.Build.0 = Release|Any CPU
		{C0AAC434-BB57-4A47-94E9-3C6D01A9F9E1}.Debug|Any CPU.ActiveCfg = Debug|Any CPU
		{C0AAC434-BB57-4A47-94E9-3C6D01A9F9E1}.Debug|Any CPU.Build.0 = Debug|Any CPU
		{C0AAC434-BB57-4A47-94E9-3C6D01A9F9E1}.Release|Any CPU.ActiveCfg = Release|Any CPU
		{C0AAC434-BB57-4A47-94E9-3C6D01A9F9E1}.Release|Any CPU.Build.0 = Release|Any CPU
		{DB692108-F066-46EA-B9ED-C17A930153E5}.Debug|Any CPU.ActiveCfg = Debug|Any CPU
		{DB692108-F066-46EA-B9ED-C17A930153E5}.Debug|Any CPU.Build.0 = Debug|Any CPU
		{DB692108-F066-46EA-B9ED-C17A930153E5}.Release|Any CPU.ActiveCfg = Release|Any CPU
		{DB692108-F066-46EA-B9ED-C17A930153E5}.Release|Any CPU.Build.0 = Release|Any CPU
		{B19F4C08-41FB-4E52-91AF-C86427DB7441}.Debug|Any CPU.ActiveCfg = Debug|Any CPU
		{B19F4C08-41FB-4E52-91AF-C86427DB7441}.Debug|Any CPU.Build.0 = Debug|Any CPU
		{B19F4C08-41FB-4E52-91AF-C86427DB7441}.Release|Any CPU.ActiveCfg = Release|Any CPU
		{B19F4C08-41FB-4E52-91AF-C86427DB7441}.Release|Any CPU.Build.0 = Release|Any CPU
		{3B2D2054-78A6-4737-AAA6-756BEE59AD95}.Debug|Any CPU.ActiveCfg = Debug|Any CPU
		{3B2D2054-78A6-4737-AAA6-756BEE59AD95}.Debug|Any CPU.Build.0 = Debug|Any CPU
		{3B2D2054-78A6-4737-AAA6-756BEE59AD95}.Release|Any CPU.ActiveCfg = Release|Any CPU
		{3B2D2054-78A6-4737-AAA6-756BEE59AD95}.Release|Any CPU.Build.0 = Release|Any CPU
		{677C50FB-B0E9-4DE0-B08E-4DE2546CD94D}.Debug|Any CPU.ActiveCfg = Debug|Any CPU
		{677C50FB-B0E9-4DE0-B08E-4DE2546CD94D}.Debug|Any CPU.Build.0 = Debug|Any CPU
		{677C50FB-B0E9-4DE0-B08E-4DE2546CD94D}.Release|Any CPU.ActiveCfg = Release|Any CPU
		{677C50FB-B0E9-4DE0-B08E-4DE2546CD94D}.Release|Any CPU.Build.0 = Release|Any CPU
		{30A6E284-6DE7-433D-B5A2-9F5D294BEC05}.Debug|Any CPU.ActiveCfg = Debug|Any CPU
		{30A6E284-6DE7-433D-B5A2-9F5D294BEC05}.Debug|Any CPU.Build.0 = Debug|Any CPU
		{30A6E284-6DE7-433D-B5A2-9F5D294BEC05}.Release|Any CPU.ActiveCfg = Release|Any CPU
		{30A6E284-6DE7-433D-B5A2-9F5D294BEC05}.Release|Any CPU.Build.0 = Release|Any CPU
		{D3DE1450-5A53-4B90-8576-44A294F2D019}.Debug|Any CPU.ActiveCfg = Debug|Any CPU
		{D3DE1450-5A53-4B90-8576-44A294F2D019}.Debug|Any CPU.Build.0 = Debug|Any CPU
		{D3DE1450-5A53-4B90-8576-44A294F2D019}.Release|Any CPU.ActiveCfg = Release|Any CPU
		{D3DE1450-5A53-4B90-8576-44A294F2D019}.Release|Any CPU.Build.0 = Release|Any CPU
		{1AC417DA-8E7E-4031-94AF-B9DD347AA9D9}.Debug|Any CPU.ActiveCfg = Debug|Any CPU
		{1AC417DA-8E7E-4031-94AF-B9DD347AA9D9}.Debug|Any CPU.Build.0 = Debug|Any CPU
		{1AC417DA-8E7E-4031-94AF-B9DD347AA9D9}.Release|Any CPU.ActiveCfg = Release|Any CPU
		{1AC417DA-8E7E-4031-94AF-B9DD347AA9D9}.Release|Any CPU.Build.0 = Release|Any CPU
		{34FF8686-AFA0-45F6-838E-6271400F0878}.Debug|Any CPU.ActiveCfg = Debug|Any CPU
		{34FF8686-AFA0-45F6-838E-6271400F0878}.Debug|Any CPU.Build.0 = Debug|Any CPU
		{34FF8686-AFA0-45F6-838E-6271400F0878}.Release|Any CPU.ActiveCfg = Release|Any CPU
		{34FF8686-AFA0-45F6-838E-6271400F0878}.Release|Any CPU.Build.0 = Release|Any CPU
		{5B56051D-33A0-4532-BA96-0FFC1D8B4DB6}.Debug|Any CPU.ActiveCfg = Debug|Any CPU
		{5B56051D-33A0-4532-BA96-0FFC1D8B4DB6}.Debug|Any CPU.Build.0 = Debug|Any CPU
		{5B56051D-33A0-4532-BA96-0FFC1D8B4DB6}.Release|Any CPU.ActiveCfg = Release|Any CPU
		{5B56051D-33A0-4532-BA96-0FFC1D8B4DB6}.Release|Any CPU.Build.0 = Release|Any CPU
		{5D8FC463-2501-426B-BBF8-8071BD45274F}.Debug|Any CPU.ActiveCfg = Debug|Any CPU
		{5D8FC463-2501-426B-BBF8-8071BD45274F}.Debug|Any CPU.Build.0 = Debug|Any CPU
		{5D8FC463-2501-426B-BBF8-8071BD45274F}.Release|Any CPU.ActiveCfg = Release|Any CPU
		{5D8FC463-2501-426B-BBF8-8071BD45274F}.Release|Any CPU.Build.0 = Release|Any CPU
		{8295D009-9F19-46C5-BDD8-FC752AFEF887}.Debug|Any CPU.ActiveCfg = Debug|Any CPU
		{8295D009-9F19-46C5-BDD8-FC752AFEF887}.Debug|Any CPU.Build.0 = Debug|Any CPU
		{8295D009-9F19-46C5-BDD8-FC752AFEF887}.Release|Any CPU.ActiveCfg = Release|Any CPU
		{8295D009-9F19-46C5-BDD8-FC752AFEF887}.Release|Any CPU.Build.0 = Release|Any CPU
		{E2AED09F-C453-459A-B99D-3DB56508670E}.Debug|Any CPU.ActiveCfg = Debug|Any CPU
		{E2AED09F-C453-459A-B99D-3DB56508670E}.Debug|Any CPU.Build.0 = Debug|Any CPU
		{E2AED09F-C453-459A-B99D-3DB56508670E}.Release|Any CPU.ActiveCfg = Release|Any CPU
		{E2AED09F-C453-459A-B99D-3DB56508670E}.Release|Any CPU.Build.0 = Release|Any CPU
		{82C09375-4510-4C99-B9B0-72A6FE678493}.Debug|Any CPU.ActiveCfg = Debug|Any CPU
		{82C09375-4510-4C99-B9B0-72A6FE678493}.Debug|Any CPU.Build.0 = Debug|Any CPU
		{82C09375-4510-4C99-B9B0-72A6FE678493}.Release|Any CPU.ActiveCfg = Release|Any CPU
		{82C09375-4510-4C99-B9B0-72A6FE678493}.Release|Any CPU.Build.0 = Release|Any CPU
		{711A6C9E-557B-483C-B9EF-4464A9EC5046}.Debug|Any CPU.ActiveCfg = Debug|Any CPU
		{711A6C9E-557B-483C-B9EF-4464A9EC5046}.Debug|Any CPU.Build.0 = Debug|Any CPU
		{711A6C9E-557B-483C-B9EF-4464A9EC5046}.Release|Any CPU.ActiveCfg = Release|Any CPU
		{711A6C9E-557B-483C-B9EF-4464A9EC5046}.Release|Any CPU.Build.0 = Release|Any CPU
	EndGlobalSection
	GlobalSection(SolutionProperties) = preSolution
		HideSolutionNode = FALSE
	EndGlobalSection
	GlobalSection(ExtensibilityGlobals) = postSolution
		SolutionGuid = {DDDB27DA-C761-48FF-B190-A6314D2EF662}
	EndGlobalSection
EndGlobal
